
Microsoft Visual Studio Solution File, Format Version 12.00
Project("{2150E333-8FDC-42A3-9474-1A3956D46DE8}") = "Solution Items", "Solution Items", "{296ECBA8-D91F-415B-A7FD-3D276AF58ECF}"
ProjectSection(SolutionItems) = preProject
	code.ruleset = code.ruleset
	README.md = README.md
	.gitignore = .gitignore
	src\services\tools.json = src\services\tools.json
	docker-compose.yml = docker-compose.yml
	Makefile = Makefile
	src\services\limiter.json = src\services\limiter.json
	toolkit.Dockerfile = toolkit.Dockerfile
	docker-compose-debug.yml = docker-compose-debug.yml
EndProjectSection
EndProject
Project("{2150E333-8FDC-42A3-9474-1A3956D46DE8}") = "src", "src", "{D170892B-9BBB-4E43-AD65-34C765256436}"
EndProject
Project("{2150E333-8FDC-42A3-9474-1A3956D46DE8}") = "services", "services", "{06AB5CCD-BDE9-44CC-8DE6-EFEAB92D4A48}"
EndProject
Project("{2150E333-8FDC-42A3-9474-1A3956D46DE8}") = "packages", "packages", "{BDBDCECF-6856-49A3-A19A-BEC931D1093E}"
EndProject
Project("{2150E333-8FDC-42A3-9474-1A3956D46DE8}") = "Bus", "Bus", "{B559AB1A-F320-41EE-990D-C2467C0C3B5D}"
EndProject
Project("{2150E333-8FDC-42A3-9474-1A3956D46DE8}") = "Contracts", "Contracts", "{E41E0675-1D80-4E6C-9910-5431BFD1824E}"
EndProject
Project("{FAE04EC0-301F-11D3-BF4B-00C04F79EFBC}") = "Platform.Contract", "src\packages\Contracts\Platform.Contract\Platform.Contract.csproj", "{870A8962-046C-4D84-BA7B-6DFA98EBC858}"
EndProject
Project("{FAE04EC0-301F-11D3-BF4B-00C04F79EFBC}") = "Platform.Contract.Telegram", "src\packages\Contracts\Platform.Contract.Telegram\Platform.Contract.Telegram.csproj", "{CC0CA32A-BFDE-4157-A3C1-C3C226FC0837}"
EndProject
Project("{2150E333-8FDC-42A3-9474-1A3956D46DE8}") = "Tools", "Tools", "{315CE37C-58D8-4D45-B774-CA1F2287E119}"
EndProject
Project("{FAE04EC0-301F-11D3-BF4B-00C04F79EFBC}") = "Platform.Tools", "src\packages\Tools\Platform.Tools\Platform.Tools.csproj", "{FDD45402-DEE4-48B5-86DC-C957F684AEB5}"
EndProject
Project("{2150E333-8FDC-42A3-9474-1A3956D46DE8}") = "Validation", "Validation", "{0D7CCB5D-498F-4FF1-993E-F9C14BA6FFEE}"
EndProject
Project("{FAE04EC0-301F-11D3-BF4B-00C04F79EFBC}") = "Platform.Validation.Fluent", "src\packages\Validation\Platform.Validation.Fluent\Platform.Validation.Fluent.csproj", "{AB2CCB0E-2865-4FEE-BEFC-E78ED93CCCD9}"
EndProject
Project("{2150E333-8FDC-42A3-9474-1A3956D46DE8}") = "Processors", "Processors", "{D089713B-18C1-4BA6-BDB0-8F3CEB18A3FC}"
EndProject
Project("{FAE04EC0-301F-11D3-BF4B-00C04F79EFBC}") = "Platform.Processor.Reporter", "src\services\Processors\Platform.Processor.Reporter\Platform.Processor.Reporter.csproj", "{39351CC7-6F41-48C5-BE35-31552B51B8BB}"
EndProject
Project("{2150E333-8FDC-42A3-9474-1A3956D46DE8}") = "Bots", "Bots", "{037EA4A1-18EA-4FC0-90BF-73DAF6351637}"
EndProject
Project("{2150E333-8FDC-42A3-9474-1A3956D46DE8}") = "Bootstrap", "Bootstrap", "{90EB3018-AB7B-45B6-87E4-278E16D5037D}"
EndProject
Project("{FAE04EC0-301F-11D3-BF4B-00C04F79EFBC}") = "Platform.Host", "src\packages\Bootstrap\Platform.Host\Platform.Host.csproj", "{263D85CE-3B0D-490A-9EB4-86B8F06724A8}"
EndProject
Project("{2150E333-8FDC-42A3-9474-1A3956D46DE8}") = "Logging", "Logging", "{88494A65-42AB-4950-9FE5-F331279FD2B0}"
EndProject
Project("{FAE04EC0-301F-11D3-BF4B-00C04F79EFBC}") = "Platform.Logging", "src\packages\Logging\Platform.Logging\Platform.Logging.csproj", "{3DF3FC83-BA8F-4ED0-9499-3892CEE811D5}"
EndProject
Project("{FAE04EC0-301F-11D3-BF4B-00C04F79EFBC}") = "Platform.Logging.Extensions", "src\packages\Logging\Platform.Logging.Extensions\Platform.Logging.Extensions.csproj", "{60463D75-67E2-4DA3-827C-7CBEFECAE59B}"
EndProject
Project("{FAE04EC0-301F-11D3-BF4B-00C04F79EFBC}") = "Platform.Logging.Host", "src\packages\Logging\Platform.Logging.Host\Platform.Logging.Host.csproj", "{0708070E-561A-4642-B6B0-609D62F76313}"
EndProject
Project("{FAE04EC0-301F-11D3-BF4B-00C04F79EFBC}") = "Platform.Telegram.Bot", "src\services\Bots\Platform.Telegram.Bot\Platform.Telegram.Bot.csproj", "{F057DAF0-700C-4A3D-B9FF-5B0038B9C3EB}"
EndProject
Project("{FAE04EC0-301F-11D3-BF4B-00C04F79EFBC}") = "Platform.Bus.Publisher", "src\packages\Bus\Platform.Bus.Publisher\Platform.Bus.Publisher.csproj", "{CD35B567-CD07-484F-B889-AE2C9EF58C70}"
EndProject
Project("{FAE04EC0-301F-11D3-BF4B-00C04F79EFBC}") = "Platform.Bus.Subscriber", "src\packages\Bus\Platform.Bus.Subscriber\Platform.Bus.Subscriber.csproj", "{A9B560EB-1764-4DFD-BC50-89A325D93034}"
EndProject
Project("{2150E333-8FDC-42A3-9474-1A3956D46DE8}") = "infra", "infra", "{57437F5E-E066-43D4-AB35-4BE8EF136BA9}"
	ProjectSection(SolutionItems) = preProject
		infra\variables.tf = infra\variables.tf
		infra\main.tf = infra\main.tf
		infra\data.tf = infra\data.tf
		infra\network.tf = infra\network.tf
		infra\alb.tf = infra\alb.tf
		infra\outputs.tf = infra\outputs.tf
		infra\provider.tf = infra\provider.tf
	EndProjectSection
EndProject
Project("{2150E333-8FDC-42A3-9474-1A3956D46DE8}") = "Cache", "Cache", "{AD43C259-F8D6-4701-8E8E-2B192A6EBC99}"
EndProject
Project("{FAE04EC0-301F-11D3-BF4B-00C04F79EFBC}") = "Platform.Caching.Abstractions", "src\packages\Caching\src\Platform.Caching.Abstractions\Platform.Caching.Abstractions.csproj", "{275F2C91-0CF6-4D52-A3B5-DF770F4B4C7C}"
EndProject
Project("{FAE04EC0-301F-11D3-BF4B-00C04F79EFBC}") = "Platform.Caching.Redis", "src\packages\Caching\src\Platform.Caching.Redis\Platform.Caching.Redis.csproj", "{8257CA74-F70A-40A5-9880-91D87C984417}"
EndProject
Project("{2150E333-8FDC-42A3-9474-1A3956D46DE8}") = "Limiter", "Limiter", "{BDFFF958-2675-471A-A409-344870F35FEE}"
EndProject
Project("{FAE04EC0-301F-11D3-BF4B-00C04F79EFBC}") = "Platform.Limiter.Redis", "src\packages\Limiter\Platform.Limiter.Redis\Platform.Limiter.Redis.csproj", "{73BAC263-65D6-4CAA-B3CA-CB56D274AB1D}"
EndProject
Project("{FAE04EC0-301F-11D3-BF4B-00C04F79EFBC}") = "Platform.Host.Endpoint", "src\packages\Bootstrap\Platform.Host.Endpoint\Platform.Host.Endpoint.csproj", "{2E1AC902-BE27-405B-BB7C-CF5429F8C019}"
EndProject
Project("{FAE04EC0-301F-11D3-BF4B-00C04F79EFBC}") = "Platform.Processor.Coordinator", "src\services\Processors\Platform.Processor.Coordinator\Platform.Processor.Coordinator.csproj", "{1E797886-8292-4CE2-B066-B8B6738A49C5}"
EndProject
Project("{FAE04EC0-301F-11D3-BF4B-00C04F79EFBC}") = "Platform.Bus", "src\packages\Bus\Platform.Bus\Platform.Bus.csproj", "{46D11A7C-E1D4-483F-B19C-A3164FA2AAE2}"
EndProject
Project("{2150E333-8FDC-42A3-9474-1A3956D46DE8}") = "Primitives", "Primitives", "{575E9875-D525-4D60-B3B4-1953825DE70C}"
EndProject
Project("{FAE04EC0-301F-11D3-BF4B-00C04F79EFBC}") = "Platform.Primitives", "src\packages\Primitives\Platform.Primitives\Platform.Primitives.csproj", "{1240ED53-BD88-4737-88A4-19876B31389D}"
EndProject
Project("{FAE04EC0-301F-11D3-BF4B-00C04F79EFBC}") = "Platform.Contract.Profiles", "src\packages\Contracts\Platform.Contract.Profiles\Platform.Contract.Profiles.csproj", "{A929068D-C0A3-4FCA-B998-CCEEBCDB328E}"
EndProject
Project("{2150E333-8FDC-42A3-9474-1A3956D46DE8}") = "Scanners", "Scanners", "{8BA651B0-7301-4D80-9DDE-F090A37A7088}"
EndProject
Project("{FAE04EC0-301F-11D3-BF4B-00C04F79EFBC}") = "Platform.Scanners.Domain", "src\services\Scanners\Platform.Scanners.Domain\Platform.Scanners.Domain.csproj", "{EC8BC375-464C-46C9-A187-47CA59C91713}"
EndProject
Project("{FAE04EC0-301F-11D3-BF4B-00C04F79EFBC}") = "Platform.Scanners.Host", "src\services\Scanners\Platform.Scanners.Host\Platform.Scanners.Host.csproj", "{F7DAA443-4C22-461F-8725-1E570D7EE6AD}"
EndProject
Project("{FAE04EC0-301F-11D3-BF4B-00C04F79EFBC}") = "Platform.Scanners.Facebook", "src\services\Scanners\Platform.Scanners.Facebook\Platform.Scanners.Facebook.csproj", "{CAE82E88-9E11-4759-868F-A9E724EC486A}"
EndProject
Project("{FAE04EC0-301F-11D3-BF4B-00C04F79EFBC}") = "Platform.Scanners.Email", "src\services\Scanners\Platform.Scanners.Email\Platform.Scanners.Email.csproj", "{C458A1D7-71C4-4E62-896C-07C5A0FD427E}"
EndProject
Project("{FAE04EC0-301F-11D3-BF4B-00C04F79EFBC}") = "Platform.Services", "src\services\Scanners\Platform.Services\Platform.Services.csproj", "{E0FEA613-2FCB-4BBB-8ADC-C8495271A8FC}"
EndProject
Project("{2150E333-8FDC-42A3-9474-1A3956D46DE8}") = "Services", "Services", "{9E32F491-6C6C-43BE-AC6A-997C4609CA2B}"
EndProject
Project("{2150E333-8FDC-42A3-9474-1A3956D46DE8}") = "Geolocation", "Geolocation", "{A69D429A-AD01-4DC7-8F98-3BA4244861A5}"
EndProject
Project("{FAE04EC0-301F-11D3-BF4B-00C04F79EFBC}") = "Platform.Geolocation.Ip2c", "src\packages\Geolocation\Platform.Geolocation.Ip2c\Platform.Geolocation.Ip2c.csproj", "{C497AAAB-729B-4BFB-8ADC-C219EB2F4F74}"
EndProject
Project("{FAE04EC0-301F-11D3-BF4B-00C04F79EFBC}") = "Platform.Geolocation.Maxmind", "src\packages\Geolocation\Platform.Geolocation.Maxmind\Platform.Geolocation.Maxmind.csproj", "{8DB2E98D-056E-40CF-BAA7-C46729C354F9}"
EndProject
Project("{2150E333-8FDC-42A3-9474-1A3956D46DE8}") = "Geolocators", "Geolocators", "{33CB0A62-7893-4F51-B61A-D8E842D83583}"
EndProject
Project("{FAE04EC0-301F-11D3-BF4B-00C04F79EFBC}") = "Platform.Geolocation", "src\packages\Geolocation\Platform.Geolocation\Platform.Geolocation.csproj", "{67DECB0C-ACA1-4FF3-8E95-01936458A3E2}"
EndProject
Project("{FAE04EC0-301F-11D3-BF4B-00C04F79EFBC}") = "Platform.Geolocation.HostGeolocation", "src\packages\Geolocation\Platform.Geolocation.HostGeolocation\Platform.Geolocation.HostGeolocation.csproj", "{30B95803-9489-4145-B782-9D8520A64B8D}"
EndProject
Project("{FAE04EC0-301F-11D3-BF4B-00C04F79EFBC}") = "Platform.Geolocation.TargetGeolocation", "src\packages\Geolocation\Platform.Geolocation.TargetGeolocation\Platform.Geolocation.TargetGeolocation.csproj", "{43D9EFD4-9E9F-491B-8DD9-B7D9525AB1D1}"
EndProject
Global
	GlobalSection(SolutionConfigurationPlatforms) = preSolution
		Debug|Any CPU = Debug|Any CPU
		Release|Any CPU = Release|Any CPU
	EndGlobalSection
	GlobalSection(ProjectConfigurationPlatforms) = postSolution
		{870A8962-046C-4D84-BA7B-6DFA98EBC858}.Debug|Any CPU.ActiveCfg = Debug|Any CPU
		{870A8962-046C-4D84-BA7B-6DFA98EBC858}.Debug|Any CPU.Build.0 = Debug|Any CPU
		{870A8962-046C-4D84-BA7B-6DFA98EBC858}.Release|Any CPU.ActiveCfg = Release|Any CPU
		{870A8962-046C-4D84-BA7B-6DFA98EBC858}.Release|Any CPU.Build.0 = Release|Any CPU
		{CC0CA32A-BFDE-4157-A3C1-C3C226FC0837}.Debug|Any CPU.ActiveCfg = Debug|Any CPU
		{CC0CA32A-BFDE-4157-A3C1-C3C226FC0837}.Debug|Any CPU.Build.0 = Debug|Any CPU
		{CC0CA32A-BFDE-4157-A3C1-C3C226FC0837}.Release|Any CPU.ActiveCfg = Release|Any CPU
		{CC0CA32A-BFDE-4157-A3C1-C3C226FC0837}.Release|Any CPU.Build.0 = Release|Any CPU
		{FDD45402-DEE4-48B5-86DC-C957F684AEB5}.Debug|Any CPU.ActiveCfg = Debug|Any CPU
		{FDD45402-DEE4-48B5-86DC-C957F684AEB5}.Debug|Any CPU.Build.0 = Debug|Any CPU
		{FDD45402-DEE4-48B5-86DC-C957F684AEB5}.Release|Any CPU.ActiveCfg = Release|Any CPU
		{FDD45402-DEE4-48B5-86DC-C957F684AEB5}.Release|Any CPU.Build.0 = Release|Any CPU
		{AB2CCB0E-2865-4FEE-BEFC-E78ED93CCCD9}.Debug|Any CPU.ActiveCfg = Debug|Any CPU
		{AB2CCB0E-2865-4FEE-BEFC-E78ED93CCCD9}.Debug|Any CPU.Build.0 = Debug|Any CPU
		{AB2CCB0E-2865-4FEE-BEFC-E78ED93CCCD9}.Release|Any CPU.ActiveCfg = Release|Any CPU
		{AB2CCB0E-2865-4FEE-BEFC-E78ED93CCCD9}.Release|Any CPU.Build.0 = Release|Any CPU
		{39351CC7-6F41-48C5-BE35-31552B51B8BB}.Debug|Any CPU.ActiveCfg = Debug|Any CPU
		{39351CC7-6F41-48C5-BE35-31552B51B8BB}.Debug|Any CPU.Build.0 = Debug|Any CPU
		{39351CC7-6F41-48C5-BE35-31552B51B8BB}.Release|Any CPU.ActiveCfg = Release|Any CPU
		{39351CC7-6F41-48C5-BE35-31552B51B8BB}.Release|Any CPU.Build.0 = Release|Any CPU
		{263D85CE-3B0D-490A-9EB4-86B8F06724A8}.Debug|Any CPU.ActiveCfg = Debug|Any CPU
		{263D85CE-3B0D-490A-9EB4-86B8F06724A8}.Debug|Any CPU.Build.0 = Debug|Any CPU
		{263D85CE-3B0D-490A-9EB4-86B8F06724A8}.Release|Any CPU.ActiveCfg = Release|Any CPU
		{263D85CE-3B0D-490A-9EB4-86B8F06724A8}.Release|Any CPU.Build.0 = Release|Any CPU
		{3DF3FC83-BA8F-4ED0-9499-3892CEE811D5}.Debug|Any CPU.ActiveCfg = Debug|Any CPU
		{3DF3FC83-BA8F-4ED0-9499-3892CEE811D5}.Debug|Any CPU.Build.0 = Debug|Any CPU
		{3DF3FC83-BA8F-4ED0-9499-3892CEE811D5}.Release|Any CPU.ActiveCfg = Release|Any CPU
		{3DF3FC83-BA8F-4ED0-9499-3892CEE811D5}.Release|Any CPU.Build.0 = Release|Any CPU
		{60463D75-67E2-4DA3-827C-7CBEFECAE59B}.Debug|Any CPU.ActiveCfg = Debug|Any CPU
		{60463D75-67E2-4DA3-827C-7CBEFECAE59B}.Debug|Any CPU.Build.0 = Debug|Any CPU
		{60463D75-67E2-4DA3-827C-7CBEFECAE59B}.Release|Any CPU.ActiveCfg = Release|Any CPU
		{60463D75-67E2-4DA3-827C-7CBEFECAE59B}.Release|Any CPU.Build.0 = Release|Any CPU
		{0708070E-561A-4642-B6B0-609D62F76313}.Debug|Any CPU.ActiveCfg = Debug|Any CPU
		{0708070E-561A-4642-B6B0-609D62F76313}.Debug|Any CPU.Build.0 = Debug|Any CPU
		{0708070E-561A-4642-B6B0-609D62F76313}.Release|Any CPU.ActiveCfg = Release|Any CPU
		{0708070E-561A-4642-B6B0-609D62F76313}.Release|Any CPU.Build.0 = Release|Any CPU
		{F057DAF0-700C-4A3D-B9FF-5B0038B9C3EB}.Debug|Any CPU.ActiveCfg = Debug|Any CPU
		{F057DAF0-700C-4A3D-B9FF-5B0038B9C3EB}.Debug|Any CPU.Build.0 = Debug|Any CPU
		{F057DAF0-700C-4A3D-B9FF-5B0038B9C3EB}.Release|Any CPU.ActiveCfg = Release|Any CPU
		{F057DAF0-700C-4A3D-B9FF-5B0038B9C3EB}.Release|Any CPU.Build.0 = Release|Any CPU
		{CD35B567-CD07-484F-B889-AE2C9EF58C70}.Debug|Any CPU.ActiveCfg = Debug|Any CPU
		{CD35B567-CD07-484F-B889-AE2C9EF58C70}.Debug|Any CPU.Build.0 = Debug|Any CPU
		{CD35B567-CD07-484F-B889-AE2C9EF58C70}.Release|Any CPU.ActiveCfg = Release|Any CPU
		{CD35B567-CD07-484F-B889-AE2C9EF58C70}.Release|Any CPU.Build.0 = Release|Any CPU
		{A9B560EB-1764-4DFD-BC50-89A325D93034}.Debug|Any CPU.ActiveCfg = Debug|Any CPU
		{A9B560EB-1764-4DFD-BC50-89A325D93034}.Debug|Any CPU.Build.0 = Debug|Any CPU
		{A9B560EB-1764-4DFD-BC50-89A325D93034}.Release|Any CPU.ActiveCfg = Release|Any CPU
		{A9B560EB-1764-4DFD-BC50-89A325D93034}.Release|Any CPU.Build.0 = Release|Any CPU
		{275F2C91-0CF6-4D52-A3B5-DF770F4B4C7C}.Debug|Any CPU.ActiveCfg = Debug|Any CPU
		{275F2C91-0CF6-4D52-A3B5-DF770F4B4C7C}.Debug|Any CPU.Build.0 = Debug|Any CPU
		{275F2C91-0CF6-4D52-A3B5-DF770F4B4C7C}.Release|Any CPU.ActiveCfg = Release|Any CPU
		{275F2C91-0CF6-4D52-A3B5-DF770F4B4C7C}.Release|Any CPU.Build.0 = Release|Any CPU
		{8257CA74-F70A-40A5-9880-91D87C984417}.Debug|Any CPU.ActiveCfg = Debug|Any CPU
		{8257CA74-F70A-40A5-9880-91D87C984417}.Debug|Any CPU.Build.0 = Debug|Any CPU
		{8257CA74-F70A-40A5-9880-91D87C984417}.Release|Any CPU.ActiveCfg = Release|Any CPU
		{8257CA74-F70A-40A5-9880-91D87C984417}.Release|Any CPU.Build.0 = Release|Any CPU
		{73BAC263-65D6-4CAA-B3CA-CB56D274AB1D}.Debug|Any CPU.ActiveCfg = Debug|Any CPU
		{73BAC263-65D6-4CAA-B3CA-CB56D274AB1D}.Debug|Any CPU.Build.0 = Debug|Any CPU
		{73BAC263-65D6-4CAA-B3CA-CB56D274AB1D}.Release|Any CPU.ActiveCfg = Release|Any CPU
		{73BAC263-65D6-4CAA-B3CA-CB56D274AB1D}.Release|Any CPU.Build.0 = Release|Any CPU
		{2E1AC902-BE27-405B-BB7C-CF5429F8C019}.Debug|Any CPU.ActiveCfg = Debug|Any CPU
		{2E1AC902-BE27-405B-BB7C-CF5429F8C019}.Debug|Any CPU.Build.0 = Debug|Any CPU
		{2E1AC902-BE27-405B-BB7C-CF5429F8C019}.Release|Any CPU.ActiveCfg = Release|Any CPU
		{2E1AC902-BE27-405B-BB7C-CF5429F8C019}.Release|Any CPU.Build.0 = Release|Any CPU
		{1E797886-8292-4CE2-B066-B8B6738A49C5}.Debug|Any CPU.ActiveCfg = Debug|Any CPU
		{1E797886-8292-4CE2-B066-B8B6738A49C5}.Debug|Any CPU.Build.0 = Debug|Any CPU
		{1E797886-8292-4CE2-B066-B8B6738A49C5}.Release|Any CPU.ActiveCfg = Release|Any CPU
		{1E797886-8292-4CE2-B066-B8B6738A49C5}.Release|Any CPU.Build.0 = Release|Any CPU
		{46D11A7C-E1D4-483F-B19C-A3164FA2AAE2}.Debug|Any CPU.ActiveCfg = Debug|Any CPU
		{46D11A7C-E1D4-483F-B19C-A3164FA2AAE2}.Debug|Any CPU.Build.0 = Debug|Any CPU
		{46D11A7C-E1D4-483F-B19C-A3164FA2AAE2}.Release|Any CPU.ActiveCfg = Release|Any CPU
		{46D11A7C-E1D4-483F-B19C-A3164FA2AAE2}.Release|Any CPU.Build.0 = Release|Any CPU
		{1240ED53-BD88-4737-88A4-19876B31389D}.Debug|Any CPU.ActiveCfg = Debug|Any CPU
		{1240ED53-BD88-4737-88A4-19876B31389D}.Debug|Any CPU.Build.0 = Debug|Any CPU
		{1240ED53-BD88-4737-88A4-19876B31389D}.Release|Any CPU.ActiveCfg = Release|Any CPU
		{1240ED53-BD88-4737-88A4-19876B31389D}.Release|Any CPU.Build.0 = Release|Any CPU
		{A929068D-C0A3-4FCA-B998-CCEEBCDB328E}.Debug|Any CPU.ActiveCfg = Debug|Any CPU
		{A929068D-C0A3-4FCA-B998-CCEEBCDB328E}.Debug|Any CPU.Build.0 = Debug|Any CPU
		{A929068D-C0A3-4FCA-B998-CCEEBCDB328E}.Release|Any CPU.ActiveCfg = Release|Any CPU
		{A929068D-C0A3-4FCA-B998-CCEEBCDB328E}.Release|Any CPU.Build.0 = Release|Any CPU
		{EC8BC375-464C-46C9-A187-47CA59C91713}.Debug|Any CPU.ActiveCfg = Debug|Any CPU
		{EC8BC375-464C-46C9-A187-47CA59C91713}.Debug|Any CPU.Build.0 = Debug|Any CPU
		{EC8BC375-464C-46C9-A187-47CA59C91713}.Release|Any CPU.ActiveCfg = Release|Any CPU
		{EC8BC375-464C-46C9-A187-47CA59C91713}.Release|Any CPU.Build.0 = Release|Any CPU
		{F7DAA443-4C22-461F-8725-1E570D7EE6AD}.Debug|Any CPU.ActiveCfg = Debug|Any CPU
		{F7DAA443-4C22-461F-8725-1E570D7EE6AD}.Debug|Any CPU.Build.0 = Debug|Any CPU
		{F7DAA443-4C22-461F-8725-1E570D7EE6AD}.Release|Any CPU.ActiveCfg = Release|Any CPU
		{F7DAA443-4C22-461F-8725-1E570D7EE6AD}.Release|Any CPU.Build.0 = Release|Any CPU
		{CAE82E88-9E11-4759-868F-A9E724EC486A}.Debug|Any CPU.ActiveCfg = Debug|Any CPU
		{CAE82E88-9E11-4759-868F-A9E724EC486A}.Debug|Any CPU.Build.0 = Debug|Any CPU
		{CAE82E88-9E11-4759-868F-A9E724EC486A}.Release|Any CPU.ActiveCfg = Release|Any CPU
		{CAE82E88-9E11-4759-868F-A9E724EC486A}.Release|Any CPU.Build.0 = Release|Any CPU
		{C458A1D7-71C4-4E62-896C-07C5A0FD427E}.Debug|Any CPU.ActiveCfg = Debug|Any CPU
		{C458A1D7-71C4-4E62-896C-07C5A0FD427E}.Debug|Any CPU.Build.0 = Debug|Any CPU
		{C458A1D7-71C4-4E62-896C-07C5A0FD427E}.Release|Any CPU.ActiveCfg = Release|Any CPU
		{C458A1D7-71C4-4E62-896C-07C5A0FD427E}.Release|Any CPU.Build.0 = Release|Any CPU
		{E0FEA613-2FCB-4BBB-8ADC-C8495271A8FC}.Debug|Any CPU.ActiveCfg = Debug|Any CPU
		{E0FEA613-2FCB-4BBB-8ADC-C8495271A8FC}.Debug|Any CPU.Build.0 = Debug|Any CPU
		{E0FEA613-2FCB-4BBB-8ADC-C8495271A8FC}.Release|Any CPU.ActiveCfg = Release|Any CPU
		{E0FEA613-2FCB-4BBB-8ADC-C8495271A8FC}.Release|Any CPU.Build.0 = Release|Any CPU
		{C497AAAB-729B-4BFB-8ADC-C219EB2F4F74}.Debug|Any CPU.ActiveCfg = Debug|Any CPU
		{C497AAAB-729B-4BFB-8ADC-C219EB2F4F74}.Debug|Any CPU.Build.0 = Debug|Any CPU
		{C497AAAB-729B-4BFB-8ADC-C219EB2F4F74}.Release|Any CPU.ActiveCfg = Release|Any CPU
		{C497AAAB-729B-4BFB-8ADC-C219EB2F4F74}.Release|Any CPU.Build.0 = Release|Any CPU
		{8DB2E98D-056E-40CF-BAA7-C46729C354F9}.Debug|Any CPU.ActiveCfg = Debug|Any CPU
		{8DB2E98D-056E-40CF-BAA7-C46729C354F9}.Debug|Any CPU.Build.0 = Debug|Any CPU
		{8DB2E98D-056E-40CF-BAA7-C46729C354F9}.Release|Any CPU.ActiveCfg = Release|Any CPU
		{8DB2E98D-056E-40CF-BAA7-C46729C354F9}.Release|Any CPU.Build.0 = Release|Any CPU
		{67DECB0C-ACA1-4FF3-8E95-01936458A3E2}.Debug|Any CPU.ActiveCfg = Debug|Any CPU
		{67DECB0C-ACA1-4FF3-8E95-01936458A3E2}.Debug|Any CPU.Build.0 = Debug|Any CPU
		{67DECB0C-ACA1-4FF3-8E95-01936458A3E2}.Release|Any CPU.ActiveCfg = Release|Any CPU
		{67DECB0C-ACA1-4FF3-8E95-01936458A3E2}.Release|Any CPU.Build.0 = Release|Any CPU
		{30B95803-9489-4145-B782-9D8520A64B8D}.Debug|Any CPU.ActiveCfg = Debug|Any CPU
		{30B95803-9489-4145-B782-9D8520A64B8D}.Debug|Any CPU.Build.0 = Debug|Any CPU
		{30B95803-9489-4145-B782-9D8520A64B8D}.Release|Any CPU.ActiveCfg = Release|Any CPU
		{30B95803-9489-4145-B782-9D8520A64B8D}.Release|Any CPU.Build.0 = Release|Any CPU
		{43D9EFD4-9E9F-491B-8DD9-B7D9525AB1D1}.Debug|Any CPU.ActiveCfg = Debug|Any CPU
		{43D9EFD4-9E9F-491B-8DD9-B7D9525AB1D1}.Debug|Any CPU.Build.0 = Debug|Any CPU
		{43D9EFD4-9E9F-491B-8DD9-B7D9525AB1D1}.Release|Any CPU.ActiveCfg = Release|Any CPU
		{43D9EFD4-9E9F-491B-8DD9-B7D9525AB1D1}.Release|Any CPU.Build.0 = Release|Any CPU
	EndGlobalSection
	GlobalSection(NestedProjects) = preSolution
		{06AB5CCD-BDE9-44CC-8DE6-EFEAB92D4A48} = {D170892B-9BBB-4E43-AD65-34C765256436}
		{BDBDCECF-6856-49A3-A19A-BEC931D1093E} = {D170892B-9BBB-4E43-AD65-34C765256436}
		{B559AB1A-F320-41EE-990D-C2467C0C3B5D} = {BDBDCECF-6856-49A3-A19A-BEC931D1093E}
		{E41E0675-1D80-4E6C-9910-5431BFD1824E} = {BDBDCECF-6856-49A3-A19A-BEC931D1093E}
		{870A8962-046C-4D84-BA7B-6DFA98EBC858} = {E41E0675-1D80-4E6C-9910-5431BFD1824E}
		{CC0CA32A-BFDE-4157-A3C1-C3C226FC0837} = {E41E0675-1D80-4E6C-9910-5431BFD1824E}
		{315CE37C-58D8-4D45-B774-CA1F2287E119} = {BDBDCECF-6856-49A3-A19A-BEC931D1093E}
		{FDD45402-DEE4-48B5-86DC-C957F684AEB5} = {315CE37C-58D8-4D45-B774-CA1F2287E119}
		{0D7CCB5D-498F-4FF1-993E-F9C14BA6FFEE} = {BDBDCECF-6856-49A3-A19A-BEC931D1093E}
		{AB2CCB0E-2865-4FEE-BEFC-E78ED93CCCD9} = {0D7CCB5D-498F-4FF1-993E-F9C14BA6FFEE}
		{D089713B-18C1-4BA6-BDB0-8F3CEB18A3FC} = {06AB5CCD-BDE9-44CC-8DE6-EFEAB92D4A48}
		{39351CC7-6F41-48C5-BE35-31552B51B8BB} = {D089713B-18C1-4BA6-BDB0-8F3CEB18A3FC}
		{037EA4A1-18EA-4FC0-90BF-73DAF6351637} = {06AB5CCD-BDE9-44CC-8DE6-EFEAB92D4A48}
		{90EB3018-AB7B-45B6-87E4-278E16D5037D} = {BDBDCECF-6856-49A3-A19A-BEC931D1093E}
		{263D85CE-3B0D-490A-9EB4-86B8F06724A8} = {90EB3018-AB7B-45B6-87E4-278E16D5037D}
		{88494A65-42AB-4950-9FE5-F331279FD2B0} = {BDBDCECF-6856-49A3-A19A-BEC931D1093E}
		{3DF3FC83-BA8F-4ED0-9499-3892CEE811D5} = {88494A65-42AB-4950-9FE5-F331279FD2B0}
		{60463D75-67E2-4DA3-827C-7CBEFECAE59B} = {88494A65-42AB-4950-9FE5-F331279FD2B0}
		{0708070E-561A-4642-B6B0-609D62F76313} = {88494A65-42AB-4950-9FE5-F331279FD2B0}
		{F057DAF0-700C-4A3D-B9FF-5B0038B9C3EB} = {037EA4A1-18EA-4FC0-90BF-73DAF6351637}
		{CD35B567-CD07-484F-B889-AE2C9EF58C70} = {B559AB1A-F320-41EE-990D-C2467C0C3B5D}
		{A9B560EB-1764-4DFD-BC50-89A325D93034} = {B559AB1A-F320-41EE-990D-C2467C0C3B5D}
		{AD43C259-F8D6-4701-8E8E-2B192A6EBC99} = {BDBDCECF-6856-49A3-A19A-BEC931D1093E}
		{275F2C91-0CF6-4D52-A3B5-DF770F4B4C7C} = {AD43C259-F8D6-4701-8E8E-2B192A6EBC99}
		{8257CA74-F70A-40A5-9880-91D87C984417} = {AD43C259-F8D6-4701-8E8E-2B192A6EBC99}
		{BDFFF958-2675-471A-A409-344870F35FEE} = {BDBDCECF-6856-49A3-A19A-BEC931D1093E}
		{73BAC263-65D6-4CAA-B3CA-CB56D274AB1D} = {BDFFF958-2675-471A-A409-344870F35FEE}
		{2E1AC902-BE27-405B-BB7C-CF5429F8C019} = {90EB3018-AB7B-45B6-87E4-278E16D5037D}
		{1E797886-8292-4CE2-B066-B8B6738A49C5} = {D089713B-18C1-4BA6-BDB0-8F3CEB18A3FC}
		{46D11A7C-E1D4-483F-B19C-A3164FA2AAE2} = {B559AB1A-F320-41EE-990D-C2467C0C3B5D}
		{575E9875-D525-4D60-B3B4-1953825DE70C} = {BDBDCECF-6856-49A3-A19A-BEC931D1093E}
		{1240ED53-BD88-4737-88A4-19876B31389D} = {575E9875-D525-4D60-B3B4-1953825DE70C}
		{A929068D-C0A3-4FCA-B998-CCEEBCDB328E} = {E41E0675-1D80-4E6C-9910-5431BFD1824E}
		{8BA651B0-7301-4D80-9DDE-F090A37A7088} = {06AB5CCD-BDE9-44CC-8DE6-EFEAB92D4A48}
		{EC8BC375-464C-46C9-A187-47CA59C91713} = {8BA651B0-7301-4D80-9DDE-F090A37A7088}
		{F7DAA443-4C22-461F-8725-1E570D7EE6AD} = {8BA651B0-7301-4D80-9DDE-F090A37A7088}
		{CAE82E88-9E11-4759-868F-A9E724EC486A} = {8BA651B0-7301-4D80-9DDE-F090A37A7088}
		{C458A1D7-71C4-4E62-896C-07C5A0FD427E} = {8BA651B0-7301-4D80-9DDE-F090A37A7088}
		{9E32F491-6C6C-43BE-AC6A-997C4609CA2B} = {BDBDCECF-6856-49A3-A19A-BEC931D1093E}
		{E0FEA613-2FCB-4BBB-8ADC-C8495271A8FC} = {9E32F491-6C6C-43BE-AC6A-997C4609CA2B}
		{A69D429A-AD01-4DC7-8F98-3BA4244861A5} = {BDBDCECF-6856-49A3-A19A-BEC931D1093E}
		{33CB0A62-7893-4F51-B61A-D8E842D83583} = {A69D429A-AD01-4DC7-8F98-3BA4244861A5}
		{8DB2E98D-056E-40CF-BAA7-C46729C354F9} = {33CB0A62-7893-4F51-B61A-D8E842D83583}
		{C497AAAB-729B-4BFB-8ADC-C219EB2F4F74} = {33CB0A62-7893-4F51-B61A-D8E842D83583}
		{67DECB0C-ACA1-4FF3-8E95-01936458A3E2} = {A69D429A-AD01-4DC7-8F98-3BA4244861A5}
		{30B95803-9489-4145-B782-9D8520A64B8D} = {A69D429A-AD01-4DC7-8F98-3BA4244861A5}
		{43D9EFD4-9E9F-491B-8DD9-B7D9525AB1D1} = {A69D429A-AD01-4DC7-8F98-3BA4244861A5}
	EndGlobalSection
EndGlobal
