
Microsoft Visual Studio Solution File, Format Version 12.00
Project("{2150E333-8FDC-42A3-9474-1A3956D46DE8}") = "Solution Items", "Solution Items", "{296ECBA8-D91F-415B-A7FD-3D276AF58ECF}"
ProjectSection(SolutionItems) = preProject
	code.ruleset = code.ruleset
	README.md = README.md
	.gitignore = .gitignore
	src\services\tools.json = src\services\tools.json
	docker-compose.yml = docker-compose.yml
	Makefile = Makefile
	src\services\limiter.json = src\services\limiter.json
EndProjectSection
EndProject
Project("{2150E333-8FDC-42A3-9474-1A3956D46DE8}") = "src", "src", "{D170892B-9BBB-4E43-AD65-34C765256436}"
EndProject
Project("{2150E333-8FDC-42A3-9474-1A3956D46DE8}") = "services", "services", "{06AB5CCD-BDE9-44CC-8DE6-EFEAB92D4A48}"
EndProject
Project("{2150E333-8FDC-42A3-9474-1A3956D46DE8}") = "packages", "packages", "{BDBDCECF-6856-49A3-A19A-BEC931D1093E}"
EndProject
Project("{2150E333-8FDC-42A3-9474-1A3956D46DE8}") = "Bus", "Bus", "{B559AB1A-F320-41EE-990D-C2467C0C3B5D}"
EndProject
Project("{FAE04EC0-301F-11D3-BF4B-00C04F79EFBC}") = "Platform.Bus.EasyNetQ", "src\packages\Bus\Platform.Bus.EasyNetQ\Platform.Bus.EasyNetQ.csproj", "{C7E92329-C971-4780-8514-BB86DED8E1C2}"
EndProject
Project("{2150E333-8FDC-42A3-9474-1A3956D46DE8}") = "Contracts", "Contracts", "{E41E0675-1D80-4E6C-9910-5431BFD1824E}"
EndProject
Project("{FAE04EC0-301F-11D3-BF4B-00C04F79EFBC}") = "Platform.Contract", "src\packages\Contracts\Platform.Contract\Platform.Contract.csproj", "{870A8962-046C-4D84-BA7B-6DFA98EBC858}"
EndProject
Project("{FAE04EC0-301F-11D3-BF4B-00C04F79EFBC}") = "Platform.Contract.Reporter", "src\packages\Contracts\Platform.Contract.Reporter\Platform.Contract.Reporter.csproj", "{93EC9A8A-F536-4C37-A726-C5CD42ABC89B}"
EndProject
Project("{FAE04EC0-301F-11D3-BF4B-00C04F79EFBC}") = "Platform.Contract.Scanner", "src\packages\Contracts\Platform.Contract.Scanner\Platform.Contract.Scanner.csproj", "{AFF5A3DA-33D2-4D8A-B13F-2E7F31F04DCB}"
EndProject
Project("{FAE04EC0-301F-11D3-BF4B-00C04F79EFBC}") = "Platform.Contract.Telegram", "src\packages\Contracts\Platform.Contract.Telegram\Platform.Contract.Telegram.csproj", "{CC0CA32A-BFDE-4157-A3C1-C3C226FC0837}"
EndProject
Project("{2150E333-8FDC-42A3-9474-1A3956D46DE8}") = "Tools", "Tools", "{315CE37C-58D8-4D45-B774-CA1F2287E119}"
EndProject
Project("{FAE04EC0-301F-11D3-BF4B-00C04F79EFBC}") = "Platform.Tools", "src\packages\Tools\Platform.Tools\Platform.Tools.csproj", "{FDD45402-DEE4-48B5-86DC-C957F684AEB5}"
EndProject
Project("{2150E333-8FDC-42A3-9474-1A3956D46DE8}") = "Validation", "Validation", "{0D7CCB5D-498F-4FF1-993E-F9C14BA6FFEE}"
EndProject
Project("{FAE04EC0-301F-11D3-BF4B-00C04F79EFBC}") = "Platform.Validation.Fluent", "src\packages\Validation\Platform.Validation.Fluent\Platform.Validation.Fluent.csproj", "{AB2CCB0E-2865-4FEE-BEFC-E78ED93CCCD9}"
EndProject
Project("{2150E333-8FDC-42A3-9474-1A3956D46DE8}") = "Consumers", "Consumers", "{D089713B-18C1-4BA6-BDB0-8F3CEB18A3FC}"
EndProject
Project("{FAE04EC0-301F-11D3-BF4B-00C04F79EFBC}") = "Platform.Consumer.Collector", "src\services\Consumers\Platform.Consumer.Collector\Platform.Consumer.Collector.csproj", "{AF6C39C9-061F-4CA7-B634-DE650B9A7A0D}"
EndProject
Project("{FAE04EC0-301F-11D3-BF4B-00C04F79EFBC}") = "Platform.Consumer.Reporter", "src\services\Consumers\Platform.Consumer.Reporter\Platform.Consumer.Reporter.csproj", "{39351CC7-6F41-48C5-BE35-31552B51B8BB}"
EndProject
Project("{FAE04EC0-301F-11D3-BF4B-00C04F79EFBC}") = "Platform.Consumer.Scanner", "src\services\Consumers\Platform.Consumer.Scanner\Platform.Consumer.Scanner.csproj", "{1FA62C57-AE65-4120-8A38-2BA6B75B5462}"
EndProject
Project("{2150E333-8FDC-42A3-9474-1A3956D46DE8}") = "Bots", "Bots", "{037EA4A1-18EA-4FC0-90BF-73DAF6351637}"
EndProject
Project("{2150E333-8FDC-42A3-9474-1A3956D46DE8}") = "Bootstrap", "Bootstrap", "{90EB3018-AB7B-45B6-87E4-278E16D5037D}"
EndProject
Project("{FAE04EC0-301F-11D3-BF4B-00C04F79EFBC}") = "Platform.Host", "src\packages\Bootstrap\Platform.Host\Platform.Host.csproj", "{263D85CE-3B0D-490A-9EB4-86B8F06724A8}"
EndProject
Project("{FAE04EC0-301F-11D3-BF4B-00C04F79EFBC}") = "Platform.Host.Bootstrap", "src\packages\Bootstrap\Platform.Host.Bootstrap\Platform.Host.Bootstrap.csproj", "{8D23DB70-32C3-4912-A827-5C40735B54E2}"
EndProject
Project("{2150E333-8FDC-42A3-9474-1A3956D46DE8}") = "Logging", "Logging", "{88494A65-42AB-4950-9FE5-F331279FD2B0}"
EndProject
Project("{FAE04EC0-301F-11D3-BF4B-00C04F79EFBC}") = "Platform.Logging", "src\packages\Logging\Platform.Logging\Platform.Logging.csproj", "{3DF3FC83-BA8F-4ED0-9499-3892CEE811D5}"
EndProject
Project("{FAE04EC0-301F-11D3-BF4B-00C04F79EFBC}") = "Platform.Logging.Extensions", "src\packages\Logging\Platform.Logging.Extensions\Platform.Logging.Extensions.csproj", "{60463D75-67E2-4DA3-827C-7CBEFECAE59B}"
EndProject
Project("{FAE04EC0-301F-11D3-BF4B-00C04F79EFBC}") = "Platform.Logging.Host", "src\packages\Logging\Platform.Logging.Host\Platform.Logging.Host.csproj", "{0708070E-561A-4642-B6B0-609D62F76313}"
EndProject
Project("{2150E333-8FDC-42A3-9474-1A3956D46DE8}") = "Primitive", "Primitive", "{FCEC416B-F908-4EC0-853B-C9C1E97F3614}"
EndProject
Project("{FAE04EC0-301F-11D3-BF4B-00C04F79EFBC}") = "Platform.Primitive", "src\packages\Primitive\Platform.Primitive\Platform.Primitive.csproj", "{A74B3434-D88F-4A4A-81D6-42C05777CAFB}"
EndProject
Project("{FAE04EC0-301F-11D3-BF4B-00C04F79EFBC}") = "Platform.Telegram.Bot", "src\services\Bots\Platform.Telegram.Bot\Platform.Telegram.Bot.csproj", "{F057DAF0-700C-4A3D-B9FF-5B0038B9C3EB}"
EndProject
Project("{FAE04EC0-301F-11D3-BF4B-00C04F79EFBC}") = "Platform.Bus.Publisher", "src\packages\Bus\Platform.Bus.Publisher\Platform.Bus.Publisher.csproj", "{CD35B567-CD07-484F-B889-AE2C9EF58C70}"
EndProject
Project("{FAE04EC0-301F-11D3-BF4B-00C04F79EFBC}") = "Platform.Bus.Subscriber", "src\packages\Bus\Platform.Bus.Subscriber\Platform.Bus.Subscriber.csproj", "{A9B560EB-1764-4DFD-BC50-89A325D93034}"
EndProject
Project("{2150E333-8FDC-42A3-9474-1A3956D46DE8}") = "infra", "infra", "{57437F5E-E066-43D4-AB35-4BE8EF136BA9}"
	ProjectSection(SolutionItems) = preProject
		infra\variables.tf = infra\variables.tf
		infra\main.tf = infra\main.tf
		infra\data.tf = infra\data.tf
		infra\network.tf = infra\network.tf
		infra\alb.tf = infra\alb.tf
		infra\outputs.tf = infra\outputs.tf
		infra\provider.tf = infra\provider.tf
	EndProjectSection
EndProject
Project("{2150E333-8FDC-42A3-9474-1A3956D46DE8}") = "Cache", "Cache", "{AD43C259-F8D6-4701-8E8E-2B192A6EBC99}"
EndProject
Project("{FAE04EC0-301F-11D3-BF4B-00C04F79EFBC}") = "Platform.Caching.Abstractions", "src\packages\Caching\src\Platform.Caching.Abstractions\Platform.Caching.Abstractions.csproj", "{275F2C91-0CF6-4D52-A3B5-DF770F4B4C7C}"
EndProject
Project("{FAE04EC0-301F-11D3-BF4B-00C04F79EFBC}") = "Platform.Caching.Redis", "src\packages\Caching\src\Platform.Caching.Redis\Platform.Caching.Redis.csproj", "{8257CA74-F70A-40A5-9880-91D87C984417}"
EndProject
Project("{2150E333-8FDC-42A3-9474-1A3956D46DE8}") = "Limiter", "Limiter", "{BDFFF958-2675-471A-A409-344870F35FEE}"
EndProject
Project("{FAE04EC0-301F-11D3-BF4B-00C04F79EFBC}") = "Platform.Limiter.Redis", "src\packages\Limiter\Platform.Limiter.Redis\Platform.Limiter.Redis.csproj", "{73BAC263-65D6-4CAA-B3CA-CB56D274AB1D}"
EndProject
Global
	GlobalSection(SolutionConfigurationPlatforms) = preSolution
		Debug|Any CPU = Debug|Any CPU
		Release|Any CPU = Release|Any CPU
	EndGlobalSection
	GlobalSection(ProjectConfigurationPlatforms) = postSolution
		{C7E92329-C971-4780-8514-BB86DED8E1C2}.Debug|Any CPU.ActiveCfg = Debug|Any CPU
		{C7E92329-C971-4780-8514-BB86DED8E1C2}.Debug|Any CPU.Build.0 = Debug|Any CPU
		{C7E92329-C971-4780-8514-BB86DED8E1C2}.Release|Any CPU.ActiveCfg = Release|Any CPU
		{C7E92329-C971-4780-8514-BB86DED8E1C2}.Release|Any CPU.Build.0 = Release|Any CPU
		{870A8962-046C-4D84-BA7B-6DFA98EBC858}.Debug|Any CPU.ActiveCfg = Debug|Any CPU
		{870A8962-046C-4D84-BA7B-6DFA98EBC858}.Debug|Any CPU.Build.0 = Debug|Any CPU
		{870A8962-046C-4D84-BA7B-6DFA98EBC858}.Release|Any CPU.ActiveCfg = Release|Any CPU
		{870A8962-046C-4D84-BA7B-6DFA98EBC858}.Release|Any CPU.Build.0 = Release|Any CPU
		{93EC9A8A-F536-4C37-A726-C5CD42ABC89B}.Debug|Any CPU.ActiveCfg = Debug|Any CPU
		{93EC9A8A-F536-4C37-A726-C5CD42ABC89B}.Debug|Any CPU.Build.0 = Debug|Any CPU
		{93EC9A8A-F536-4C37-A726-C5CD42ABC89B}.Release|Any CPU.ActiveCfg = Release|Any CPU
		{93EC9A8A-F536-4C37-A726-C5CD42ABC89B}.Release|Any CPU.Build.0 = Release|Any CPU
		{AFF5A3DA-33D2-4D8A-B13F-2E7F31F04DCB}.Debug|Any CPU.ActiveCfg = Debug|Any CPU
		{AFF5A3DA-33D2-4D8A-B13F-2E7F31F04DCB}.Debug|Any CPU.Build.0 = Debug|Any CPU
		{AFF5A3DA-33D2-4D8A-B13F-2E7F31F04DCB}.Release|Any CPU.ActiveCfg = Release|Any CPU
		{AFF5A3DA-33D2-4D8A-B13F-2E7F31F04DCB}.Release|Any CPU.Build.0 = Release|Any CPU
		{CC0CA32A-BFDE-4157-A3C1-C3C226FC0837}.Debug|Any CPU.ActiveCfg = Debug|Any CPU
		{CC0CA32A-BFDE-4157-A3C1-C3C226FC0837}.Debug|Any CPU.Build.0 = Debug|Any CPU
		{CC0CA32A-BFDE-4157-A3C1-C3C226FC0837}.Release|Any CPU.ActiveCfg = Release|Any CPU
		{CC0CA32A-BFDE-4157-A3C1-C3C226FC0837}.Release|Any CPU.Build.0 = Release|Any CPU
		{FDD45402-DEE4-48B5-86DC-C957F684AEB5}.Debug|Any CPU.ActiveCfg = Debug|Any CPU
		{FDD45402-DEE4-48B5-86DC-C957F684AEB5}.Debug|Any CPU.Build.0 = Debug|Any CPU
		{FDD45402-DEE4-48B5-86DC-C957F684AEB5}.Release|Any CPU.ActiveCfg = Release|Any CPU
		{FDD45402-DEE4-48B5-86DC-C957F684AEB5}.Release|Any CPU.Build.0 = Release|Any CPU
		{AB2CCB0E-2865-4FEE-BEFC-E78ED93CCCD9}.Debug|Any CPU.ActiveCfg = Debug|Any CPU
		{AB2CCB0E-2865-4FEE-BEFC-E78ED93CCCD9}.Debug|Any CPU.Build.0 = Debug|Any CPU
		{AB2CCB0E-2865-4FEE-BEFC-E78ED93CCCD9}.Release|Any CPU.ActiveCfg = Release|Any CPU
		{AB2CCB0E-2865-4FEE-BEFC-E78ED93CCCD9}.Release|Any CPU.Build.0 = Release|Any CPU
		{AF6C39C9-061F-4CA7-B634-DE650B9A7A0D}.Debug|Any CPU.ActiveCfg = Debug|Any CPU
		{AF6C39C9-061F-4CA7-B634-DE650B9A7A0D}.Debug|Any CPU.Build.0 = Debug|Any CPU
		{AF6C39C9-061F-4CA7-B634-DE650B9A7A0D}.Release|Any CPU.ActiveCfg = Release|Any CPU
		{AF6C39C9-061F-4CA7-B634-DE650B9A7A0D}.Release|Any CPU.Build.0 = Release|Any CPU
		{39351CC7-6F41-48C5-BE35-31552B51B8BB}.Debug|Any CPU.ActiveCfg = Debug|Any CPU
		{39351CC7-6F41-48C5-BE35-31552B51B8BB}.Debug|Any CPU.Build.0 = Debug|Any CPU
		{39351CC7-6F41-48C5-BE35-31552B51B8BB}.Release|Any CPU.ActiveCfg = Release|Any CPU
		{39351CC7-6F41-48C5-BE35-31552B51B8BB}.Release|Any CPU.Build.0 = Release|Any CPU
		{1FA62C57-AE65-4120-8A38-2BA6B75B5462}.Debug|Any CPU.ActiveCfg = Debug|Any CPU
		{1FA62C57-AE65-4120-8A38-2BA6B75B5462}.Debug|Any CPU.Build.0 = Debug|Any CPU
		{1FA62C57-AE65-4120-8A38-2BA6B75B5462}.Release|Any CPU.ActiveCfg = Release|Any CPU
		{1FA62C57-AE65-4120-8A38-2BA6B75B5462}.Release|Any CPU.Build.0 = Release|Any CPU
		{263D85CE-3B0D-490A-9EB4-86B8F06724A8}.Debug|Any CPU.ActiveCfg = Debug|Any CPU
		{263D85CE-3B0D-490A-9EB4-86B8F06724A8}.Debug|Any CPU.Build.0 = Debug|Any CPU
		{263D85CE-3B0D-490A-9EB4-86B8F06724A8}.Release|Any CPU.ActiveCfg = Release|Any CPU
		{263D85CE-3B0D-490A-9EB4-86B8F06724A8}.Release|Any CPU.Build.0 = Release|Any CPU
		{8D23DB70-32C3-4912-A827-5C40735B54E2}.Debug|Any CPU.ActiveCfg = Debug|Any CPU
		{8D23DB70-32C3-4912-A827-5C40735B54E2}.Debug|Any CPU.Build.0 = Debug|Any CPU
		{8D23DB70-32C3-4912-A827-5C40735B54E2}.Release|Any CPU.ActiveCfg = Release|Any CPU
		{8D23DB70-32C3-4912-A827-5C40735B54E2}.Release|Any CPU.Build.0 = Release|Any CPU
		{3DF3FC83-BA8F-4ED0-9499-3892CEE811D5}.Debug|Any CPU.ActiveCfg = Debug|Any CPU
		{3DF3FC83-BA8F-4ED0-9499-3892CEE811D5}.Debug|Any CPU.Build.0 = Debug|Any CPU
		{3DF3FC83-BA8F-4ED0-9499-3892CEE811D5}.Release|Any CPU.ActiveCfg = Release|Any CPU
		{3DF3FC83-BA8F-4ED0-9499-3892CEE811D5}.Release|Any CPU.Build.0 = Release|Any CPU
		{60463D75-67E2-4DA3-827C-7CBEFECAE59B}.Debug|Any CPU.ActiveCfg = Debug|Any CPU
		{60463D75-67E2-4DA3-827C-7CBEFECAE59B}.Debug|Any CPU.Build.0 = Debug|Any CPU
		{60463D75-67E2-4DA3-827C-7CBEFECAE59B}.Release|Any CPU.ActiveCfg = Release|Any CPU
		{60463D75-67E2-4DA3-827C-7CBEFECAE59B}.Release|Any CPU.Build.0 = Release|Any CPU
		{0708070E-561A-4642-B6B0-609D62F76313}.Debug|Any CPU.ActiveCfg = Debug|Any CPU
		{0708070E-561A-4642-B6B0-609D62F76313}.Debug|Any CPU.Build.0 = Debug|Any CPU
		{0708070E-561A-4642-B6B0-609D62F76313}.Release|Any CPU.ActiveCfg = Release|Any CPU
		{0708070E-561A-4642-B6B0-609D62F76313}.Release|Any CPU.Build.0 = Release|Any CPU
		{A74B3434-D88F-4A4A-81D6-42C05777CAFB}.Debug|Any CPU.ActiveCfg = Debug|Any CPU
		{A74B3434-D88F-4A4A-81D6-42C05777CAFB}.Debug|Any CPU.Build.0 = Debug|Any CPU
		{A74B3434-D88F-4A4A-81D6-42C05777CAFB}.Release|Any CPU.ActiveCfg = Release|Any CPU
		{A74B3434-D88F-4A4A-81D6-42C05777CAFB}.Release|Any CPU.Build.0 = Release|Any CPU
		{F057DAF0-700C-4A3D-B9FF-5B0038B9C3EB}.Debug|Any CPU.ActiveCfg = Debug|Any CPU
		{F057DAF0-700C-4A3D-B9FF-5B0038B9C3EB}.Debug|Any CPU.Build.0 = Debug|Any CPU
		{F057DAF0-700C-4A3D-B9FF-5B0038B9C3EB}.Release|Any CPU.ActiveCfg = Release|Any CPU
		{F057DAF0-700C-4A3D-B9FF-5B0038B9C3EB}.Release|Any CPU.Build.0 = Release|Any CPU
		{CD35B567-CD07-484F-B889-AE2C9EF58C70}.Debug|Any CPU.ActiveCfg = Debug|Any CPU
		{CD35B567-CD07-484F-B889-AE2C9EF58C70}.Debug|Any CPU.Build.0 = Debug|Any CPU
		{CD35B567-CD07-484F-B889-AE2C9EF58C70}.Release|Any CPU.ActiveCfg = Release|Any CPU
		{CD35B567-CD07-484F-B889-AE2C9EF58C70}.Release|Any CPU.Build.0 = Release|Any CPU
		{A9B560EB-1764-4DFD-BC50-89A325D93034}.Debug|Any CPU.ActiveCfg = Debug|Any CPU
		{A9B560EB-1764-4DFD-BC50-89A325D93034}.Debug|Any CPU.Build.0 = Debug|Any CPU
		{A9B560EB-1764-4DFD-BC50-89A325D93034}.Release|Any CPU.ActiveCfg = Release|Any CPU
		{A9B560EB-1764-4DFD-BC50-89A325D93034}.Release|Any CPU.Build.0 = Release|Any CPU
		{275F2C91-0CF6-4D52-A3B5-DF770F4B4C7C}.Debug|Any CPU.ActiveCfg = Debug|Any CPU
		{275F2C91-0CF6-4D52-A3B5-DF770F4B4C7C}.Debug|Any CPU.Build.0 = Debug|Any CPU
		{275F2C91-0CF6-4D52-A3B5-DF770F4B4C7C}.Release|Any CPU.ActiveCfg = Release|Any CPU
		{275F2C91-0CF6-4D52-A3B5-DF770F4B4C7C}.Release|Any CPU.Build.0 = Release|Any CPU
		{8257CA74-F70A-40A5-9880-91D87C984417}.Debug|Any CPU.ActiveCfg = Debug|Any CPU
		{8257CA74-F70A-40A5-9880-91D87C984417}.Debug|Any CPU.Build.0 = Debug|Any CPU
		{8257CA74-F70A-40A5-9880-91D87C984417}.Release|Any CPU.ActiveCfg = Release|Any CPU
		{8257CA74-F70A-40A5-9880-91D87C984417}.Release|Any CPU.Build.0 = Release|Any CPU
		{73BAC263-65D6-4CAA-B3CA-CB56D274AB1D}.Debug|Any CPU.ActiveCfg = Debug|Any CPU
		{73BAC263-65D6-4CAA-B3CA-CB56D274AB1D}.Debug|Any CPU.Build.0 = Debug|Any CPU
		{73BAC263-65D6-4CAA-B3CA-CB56D274AB1D}.Release|Any CPU.ActiveCfg = Release|Any CPU
		{73BAC263-65D6-4CAA-B3CA-CB56D274AB1D}.Release|Any CPU.Build.0 = Release|Any CPU
	EndGlobalSection
	GlobalSection(NestedProjects) = preSolution
		{06AB5CCD-BDE9-44CC-8DE6-EFEAB92D4A48} = {D170892B-9BBB-4E43-AD65-34C765256436}
		{BDBDCECF-6856-49A3-A19A-BEC931D1093E} = {D170892B-9BBB-4E43-AD65-34C765256436}
		{B559AB1A-F320-41EE-990D-C2467C0C3B5D} = {BDBDCECF-6856-49A3-A19A-BEC931D1093E}
		{C7E92329-C971-4780-8514-BB86DED8E1C2} = {B559AB1A-F320-41EE-990D-C2467C0C3B5D}
		{E41E0675-1D80-4E6C-9910-5431BFD1824E} = {BDBDCECF-6856-49A3-A19A-BEC931D1093E}
		{870A8962-046C-4D84-BA7B-6DFA98EBC858} = {E41E0675-1D80-4E6C-9910-5431BFD1824E}
		{93EC9A8A-F536-4C37-A726-C5CD42ABC89B} = {E41E0675-1D80-4E6C-9910-5431BFD1824E}
		{AFF5A3DA-33D2-4D8A-B13F-2E7F31F04DCB} = {E41E0675-1D80-4E6C-9910-5431BFD1824E}
		{CC0CA32A-BFDE-4157-A3C1-C3C226FC0837} = {E41E0675-1D80-4E6C-9910-5431BFD1824E}
		{315CE37C-58D8-4D45-B774-CA1F2287E119} = {BDBDCECF-6856-49A3-A19A-BEC931D1093E}
		{FDD45402-DEE4-48B5-86DC-C957F684AEB5} = {315CE37C-58D8-4D45-B774-CA1F2287E119}
		{0D7CCB5D-498F-4FF1-993E-F9C14BA6FFEE} = {BDBDCECF-6856-49A3-A19A-BEC931D1093E}
		{AB2CCB0E-2865-4FEE-BEFC-E78ED93CCCD9} = {0D7CCB5D-498F-4FF1-993E-F9C14BA6FFEE}
		{D089713B-18C1-4BA6-BDB0-8F3CEB18A3FC} = {06AB5CCD-BDE9-44CC-8DE6-EFEAB92D4A48}
		{AF6C39C9-061F-4CA7-B634-DE650B9A7A0D} = {D089713B-18C1-4BA6-BDB0-8F3CEB18A3FC}
		{39351CC7-6F41-48C5-BE35-31552B51B8BB} = {D089713B-18C1-4BA6-BDB0-8F3CEB18A3FC}
		{1FA62C57-AE65-4120-8A38-2BA6B75B5462} = {D089713B-18C1-4BA6-BDB0-8F3CEB18A3FC}
		{037EA4A1-18EA-4FC0-90BF-73DAF6351637} = {06AB5CCD-BDE9-44CC-8DE6-EFEAB92D4A48}
		{90EB3018-AB7B-45B6-87E4-278E16D5037D} = {BDBDCECF-6856-49A3-A19A-BEC931D1093E}
		{263D85CE-3B0D-490A-9EB4-86B8F06724A8} = {90EB3018-AB7B-45B6-87E4-278E16D5037D}
		{8D23DB70-32C3-4912-A827-5C40735B54E2} = {90EB3018-AB7B-45B6-87E4-278E16D5037D}
		{88494A65-42AB-4950-9FE5-F331279FD2B0} = {BDBDCECF-6856-49A3-A19A-BEC931D1093E}
		{3DF3FC83-BA8F-4ED0-9499-3892CEE811D5} = {88494A65-42AB-4950-9FE5-F331279FD2B0}
		{60463D75-67E2-4DA3-827C-7CBEFECAE59B} = {88494A65-42AB-4950-9FE5-F331279FD2B0}
		{0708070E-561A-4642-B6B0-609D62F76313} = {88494A65-42AB-4950-9FE5-F331279FD2B0}
		{FCEC416B-F908-4EC0-853B-C9C1E97F3614} = {BDBDCECF-6856-49A3-A19A-BEC931D1093E}
		{A74B3434-D88F-4A4A-81D6-42C05777CAFB} = {FCEC416B-F908-4EC0-853B-C9C1E97F3614}
		{F057DAF0-700C-4A3D-B9FF-5B0038B9C3EB} = {037EA4A1-18EA-4FC0-90BF-73DAF6351637}
		{CD35B567-CD07-484F-B889-AE2C9EF58C70} = {B559AB1A-F320-41EE-990D-C2467C0C3B5D}
		{A9B560EB-1764-4DFD-BC50-89A325D93034} = {B559AB1A-F320-41EE-990D-C2467C0C3B5D}
		{AD43C259-F8D6-4701-8E8E-2B192A6EBC99} = {BDBDCECF-6856-49A3-A19A-BEC931D1093E}
		{275F2C91-0CF6-4D52-A3B5-DF770F4B4C7C} = {AD43C259-F8D6-4701-8E8E-2B192A6EBC99}
		{8257CA74-F70A-40A5-9880-91D87C984417} = {AD43C259-F8D6-4701-8E8E-2B192A6EBC99}
		{BDFFF958-2675-471A-A409-344870F35FEE} = {BDBDCECF-6856-49A3-A19A-BEC931D1093E}
		{73BAC263-65D6-4CAA-B3CA-CB56D274AB1D} = {BDFFF958-2675-471A-A409-344870F35FEE}
	EndGlobalSection
EndGlobal
